Microsoft Visual Studio Solution File, Format Version 12.00
# Visual Studio Version 17
VisualStudioVersion = 17.5.2.0
MinimumVisualStudioVersion = 10.0.40219.1
Project("{FAE04EC0-301F-11D3-BF4B-00C04F79EFBC}") = "Projeto-BarberShop-Code", "Projeto-BarberShop-Code.csproj", "{341E4FBE-0DCF-1E83-FF45-942AA80DDAA6}"
EndProject
Global
	GlobalSection(SolutionConfigurationPlatforms) = preSolution
		Debug|Any CPU = Debug|Any CPU
		Release|Any CPU = Release|Any CPU
	EndGlobalSection
	GlobalSection(ProjectConfigurationPlatforms) = postSolution
		{341E4FBE-0DCF-1E83-FF45-942AA80DDAA6}.Debug|Any CPU.ActiveCfg = Debug|Any CPU
		{341E4FBE-0DCF-1E83-FF45-942AA80DDAA6}.Debug|Any CPU.Build.0 = Debug|Any CPU
		{341E4FBE-0DCF-1E83-FF45-942AA80DDAA6}.Release|Any CPU.ActiveCfg = Release|Any CPU
		{341E4FBE-0DCF-1E83-FF45-942AA80DDAA6}.Release|Any CPU.Build.0 = Release|Any CPU
	EndGlobalSection
	GlobalSection(SolutionProperties) = preSolution
		HideSolutionNode = FALSE
	EndGlobalSection
	GlobalSection(ExtensibilityGlobals) = postSolution
		SolutionGuid = {9DCBB38A-4401-4DEA-84CA-EED6AAAF7571}
	EndGlobalSection
EndGlobal
